
Microsoft Visual Studio Solution File, Format Version 12.00
# Visual Studio 15
VisualStudioVersion = 15.0.28307.852
MinimumVisualStudioVersion = 10.0.40219.1
Project("{FAE04EC0-301F-11D3-BF4B-00C04F79EFBC}") = "PacmanOgre", "PacmanOgre\PacmanOgre.csproj", "{A448B88B-7FCC-4D5F-9750-35F99F02033D}"
	ProjectSection(ProjectDependencies) = postProject
		{FE5839D7-BF87-4CDC-88D9-B9A857F03B89} = {FE5839D7-BF87-4CDC-88D9-B9A857F03B89}
	EndProjectSection
EndProject
Project("{FAE04EC0-301F-11D3-BF4B-00C04F79EFBC}") = "Entity", "..\Entity\Entity.csproj", "{FE5839D7-BF87-4CDC-88D9-B9A857F03B89}"
EndProject
Project("{FAE04EC0-301F-11D3-BF4B-00C04F79EFBC}") = "Editor", "Editor\Editor.csproj", "{38971DCB-2130-4792-B4A5-6B6EC28253DC}"
	ProjectSection(ProjectDependencies) = postProject
		{A448B88B-7FCC-4D5F-9750-35F99F02033D} = {A448B88B-7FCC-4D5F-9750-35F99F02033D}
		{FE5839D7-BF87-4CDC-88D9-B9A857F03B89} = {FE5839D7-BF87-4CDC-88D9-B9A857F03B89}
	EndProjectSection
EndProject
Global
	GlobalSection(SolutionConfigurationPlatforms) = preSolution
		Debug|Any CPU = Debug|Any CPU
		Release|Any CPU = Release|Any CPU
	EndGlobalSection
	GlobalSection(ProjectConfigurationPlatforms) = postSolution
		{A448B88B-7FCC-4D5F-9750-35F99F02033D}.Debug|Any CPU.ActiveCfg = Debug|Any CPU
		{A448B88B-7FCC-4D5F-9750-35F99F02033D}.Debug|Any CPU.Build.0 = Debug|Any CPU
		{A448B88B-7FCC-4D5F-9750-35F99F02033D}.Release|Any CPU.ActiveCfg = Release|Any CPU
		{A448B88B-7FCC-4D5F-9750-35F99F02033D}.Release|Any CPU.Build.0 = Release|Any CPU
		{FE5839D7-BF87-4CDC-88D9-B9A857F03B89}.Debug|Any CPU.ActiveCfg = Debug|Any CPU
		{FE5839D7-BF87-4CDC-88D9-B9A857F03B89}.Debug|Any CPU.Build.0 = Debug|Any CPU
		{FE5839D7-BF87-4CDC-88D9-B9A857F03B89}.Release|Any CPU.ActiveCfg = Release|Any CPU
		{FE5839D7-BF87-4CDC-88D9-B9A857F03B89}.Release|Any CPU.Build.0 = Release|Any CPU
		{38971DCB-2130-4792-B4A5-6B6EC28253DC}.Debug|Any CPU.ActiveCfg = Debug|Any CPU
		{38971DCB-2130-4792-B4A5-6B6EC28253DC}.Debug|Any CPU.Build.0 = Debug|Any CPU
		{38971DCB-2130-4792-B4A5-6B6EC28253DC}.Release|Any CPU.ActiveCfg = Release|Any CPU
		{38971DCB-2130-4792-B4A5-6B6EC28253DC}.Release|Any CPU.Build.0 = Release|Any CPU
	EndGlobalSection
	GlobalSection(SolutionProperties) = preSolution
		HideSolutionNode = FALSE
	EndGlobalSection
	GlobalSection(ExtensibilityGlobals) = postSolution
		SolutionGuid = {1C947DE4-FB1D-4813-BEC2-CDD376FC058A}
	EndGlobalSection
EndGlobal
